
Microsoft Visual Studio Solution File, Format Version 11.00
# Visual Studio 2010
Project("{8BC9CEB8-8B4A-11D0-8D11-00A0C91BC942}") = "llk", "llk\llk.vcxproj", "{31E88EE9-A1D1-4F55-9D76-48C1CB3760EF}"
EndProject
Global
	GlobalSection(SolutionConfigurationPlatforms) = preSolution
		Debug|Win32 = Debug|Win32
		Release|Win32 = Release|Win32
	EndGlobalSection
	GlobalSection(ProjectConfigurationPlatforms) = postSolution
		{31E88EE9-A1D1-4F55-9D76-48C1CB3760EF}.Debug|Win32.ActiveCfg = Debug|Win32
		{31E88EE9-A1D1-4F55-9D76-48C1CB3760EF}.Debug|Win32.Build.0 = Debug|Win32
		{31E88EE9-A1D1-4F55-9D76-48C1CB3760EF}.Release|Win32.ActiveCfg = Release|Win32
		{31E88EE9-A1D1-4F55-9D76-48C1CB3760EF}.Release|Win32.Build.0 = Release|Win32
	EndGlobalSection
	GlobalSection(SolutionProperties) = preSolution
		HideSolutionNode = FALSE
	EndGlobalSection
EndGlobal
