<?xml version="1.0" encoding="utf-8"?>
<Project ToolsVersion="4.0" xmlns="http://schemas.microsoft.com/developer/msbuild/2003">
  <ItemGroup>
    <Filter Include="Source Files">
      <UniqueIdentifier>{4FC737F1-C7A5-4376-A066-2A32D752A2FF}</UniqueIdentifier>
      <Extensions>cpp;c;cc;cxx;def;odl;idl;hpj;bat;asm;asmx</Extensions>
    </Filter>
    <Filter Include="Header Files">
      <UniqueIdentifier>{93995380-89BD-4b04-88EB-625FBE52EBFB}</UniqueIdentifier>
      <Extensions>h;hpp;hxx;hm;inl;inc;xsd</Extensions>
    </Filter>
    <Filter Include="Resource Files">
      <UniqueIdentifier>{67DA6AB6-F800-4c08-8B7A-83BB121AAD01}</UniqueIdentifier>
      <Extensions>rc;ico;cur;bmp;dlg;rc2;rct;bin;rgs;gif;jpg;jpeg;jpe;resx;tiff;tif;png;wav;mfcribbon-ms</Extensions>
    </Filter>
  </ItemGroup>
  <ItemGroup>
    <None Include="ReadMe.txt" />
    <None Include="TCPService.def">
      <Filter>Source Files</Filter>
    </None>
    <None Include="res\TCPService.rc2">
      <Filter>Resource Files</Filter>
    </None>
  </ItemGroup>
  <ItemGroup>
    <ClCompile Include="TCPService.cpp">
      <Filter>Source Files</Filter>
    </ClCompile>
    <ClCompile Include="stdafx.cpp">
      <Filter>Source Files</Filter>
    </ClCompile>
    <ClCompile Include="C_TCPServiceBundle.cpp">
      <Filter>Source Files</Filter>
    </ClCompile>
    <ClCompile Include="C_PbTCPService.cpp">
      <Filter>Source Files</Filter>
    </ClCompile>
    <ClCompile Include="C_TCPServerConnectionFactory.cpp">
      <Filter>Source Files</Filter>
    </ClCompile>
    <ClCompile Include="C_TCPServerConnection.cpp">
      <Filter>Source Files</Filter>
    </ClCompile>
    <ClCompile Include="C_DBService.cpp">
      <Filter>Source Files</Filter>
    </ClCompile>
    <ClCompile Include="C_NetCommander.cpp">
      <Filter>Source Files</Filter>
    </ClCompile>
    <ClCompile Include="C_NetCommand.cpp">
      <Filter>Source Files</Filter>
    </ClCompile>
    <ClCompile Include="C_NetCommandDecomposer.cpp">
      <Filter>Source Files</Filter>
    </ClCompile>
    <ClCompile Include="C_NetCommandComposer.cpp">
      <Filter>Source Files</Filter>
    </ClCompile>
    <ClCompile Include="C_NetCmdLogOn.cpp">
      <Filter>Source Files</Filter>
    </ClCompile>
    <ClCompile Include="C_NetCmdLogOnResponse.cpp">
      <Filter>Source Files</Filter>
    </ClCompile>
    <ClCompile Include="C_NetCmdLogOff.cpp">
      <Filter>Source Files</Filter>
    </ClCompile>
    <ClCompile Include="C_NetCmdFetchChannels.cpp">
      <Filter>Source Files</Filter>
    </ClCompile>
    <ClCompile Include="C_NetCmdFetchChannelsResponse.cpp">
      <Filter>Source Files</Filter>
    </ClCompile>
    <ClCompile Include="C_NetCmdFetchChannelContent.cpp">
      <Filter>Source Files</Filter>
    </ClCompile>
    <ClCompile Include="C_NetCmdFetchChannelContentResponse.cpp">
      <Filter>Source Files</Filter>
    </ClCompile>
  </ItemGroup>
  <ItemGroup>
    <ClInclude Include="TCPService.h">
      <Filter>Header Files</Filter>
    </ClInclude>
    <ClInclude Include="stdafx.h">
      <Filter>Header Files</Filter>
    </ClInclude>
    <ClInclude Include="targetver.h">
      <Filter>Header Files</Filter>
    </ClInclude>
    <ClInclude Include="Resource.h">
      <Filter>Header Files</Filter>
    </ClInclude>
    <ClInclude Include="C_TCPServiceBundle.h">
      <Filter>Header Files</Filter>
    </ClInclude>
    <ClInclude Include="C_PbTCPService.h">
      <Filter>Header Files</Filter>
    </ClInclude>
    <ClInclude Include="..\..\Interface\TCPService\I_PbTCPService.h">
      <Filter>Header Files</Filter>
    </ClInclude>
    <ClInclude Include="C_TCPServerConnectionFactory.h">
      <Filter>Header Files</Filter>
    </ClInclude>
    <ClInclude Include="C_TCPServerConnection.h">
      <Filter>Header Files</Filter>
    </ClInclude>
    <ClInclude Include="C_DBService.h">
      <Filter>Header Files</Filter>
    </ClInclude>
    <ClInclude Include="C_NetCommander.h">
      <Filter>Header Files</Filter>
    </ClInclude>
    <ClInclude Include="C_NetCommand.h">
      <Filter>Header Files</Filter>
    </ClInclude>
    <ClInclude Include="C_NetCommandDecomposer.h">
      <Filter>Header Files</Filter>
    </ClInclude>
    <ClInclude Include="C_NetCommandComposer.h">
      <Filter>Header Files</Filter>
    </ClInclude>
    <ClInclude Include="C_NetCmdLogOn.h">
      <Filter>Header Files</Filter>
    </ClInclude>
    <ClInclude Include="C_NetCmdLogOnResponse.h">
      <Filter>Header Files</Filter>
    </ClInclude>
    <ClInclude Include="C_NetCmdLogOff.h">
      <Filter>Header Files</Filter>
    </ClInclude>
    <ClInclude Include="C_NetCmdFetchChannels.h">
      <Filter>Header Files</Filter>
    </ClInclude>
    <ClInclude Include="C_NetCmdFetchChannelsResponse.h">
      <Filter>Header Files</Filter>
    </ClInclude>
    <ClInclude Include="C_NetCmdFetchChannelContent.h">
      <Filter>Header Files</Filter>
    </ClInclude>
    <ClInclude Include="C_NetCmdFetchChannelContentResponse.h">
      <Filter>Header Files</Filter>
    </ClInclude>
  </ItemGroup>
  <ItemGroup>
    <ResourceCompile Include="TCPService.rc">
      <Filter>Resource Files</Filter>
    </ResourceCompile>
  </ItemGroup>
</Project>